{
  "nodes": {
    "nixpkgs": {
      "locked": {
        "lastModified": 1724050343,
        "narHash": "sha256-tGRPGJKwczrM7793zaR74KnuYLMHArJvYXmGu8Wo9oI=",
        "owner": "NixOS",
        "repo": "nixpkgs",
        "rev": "ed434d7889eddb68002d81bc25212f26ff8f2862",
        "type": "github"
      },
      "original": {
        "owner": "NixOS",
        "ref": "nixos-unstable-small",
        "repo": "nixpkgs",
        "type": "github"
      }
    },
    "root": {
      "inputs": {
        "nixpkgs": "nixpkgs"
      }
    }
  },
  "root": "root",
  "version": 7
}
